{
  "object": {
    "pins": [
      {
        "package": "ReduxUI",
        "repositoryURL": "https://github.com/gre4ixin/ReduxUI.git",
        "state": {
          "branch": null,
          "revision": "7f551dce9a8e291ebf636737fae77a0731ad8ed6",
          "version": "0.0.9"
        }
      }
    ]
  },
  "version": 1
}
