{
  "object": {
    "pins": [
      {
        "package": "ReduxUI",
        "repositoryURL": "https://github.com/gre4ixin/ReduxUI.git",
        "state": {
          "branch": null,
          "revision": "9825e905a30cc7b698d0accc13000d39b59a2ac7",
          "version": "0.0.11"
        }
      }
    ]
  },
  "version": 1
}
